
Microsoft Visual Studio Solution File, Format Version 12.00
# Visual Studio Version 17
VisualStudioVersion = 17.4.33205.214
MinimumVisualStudioVersion = 10.0.40219.1
Project("{FAE04EC0-301F-11D3-BF4B-00C04F79EFBC}") = "Win-Form-Adam_Asmaca", "Win-Form-Adam_Asmaca\Win-Form-Adam_Asmaca.csproj", "{35D901B7-BDD2-470C-A892-359533E587FE}"
EndProject
Global
	GlobalSection(SolutionConfigurationPlatforms) = preSolution
		Debug|Any CPU = Debug|Any CPU
		Release|Any CPU = Release|Any CPU
	EndGlobalSection
	GlobalSection(ProjectConfigurationPlatforms) = postSolution
		{35D901B7-BDD2-470C-A892-359533E587FE}.Debug|Any CPU.ActiveCfg = Debug|Any CPU
		{35D901B7-BDD2-470C-A892-359533E587FE}.Debug|Any CPU.Build.0 = Debug|Any CPU
		{35D901B7-BDD2-470C-A892-359533E587FE}.Release|Any CPU.ActiveCfg = Release|Any CPU
		{35D901B7-BDD2-470C-A892-359533E587FE}.Release|Any CPU.Build.0 = Release|Any CPU
	EndGlobalSection
	GlobalSection(SolutionProperties) = preSolution
		HideSolutionNode = FALSE
	EndGlobalSection
	GlobalSection(ExtensibilityGlobals) = postSolution
		SolutionGuid = {67807920-CA06-46D0-A56C-3F054A7A11AF}
	EndGlobalSection
EndGlobal
